
Microsoft Visual Studio Solution File, Format Version 12.00
# Visual Studio Version 16
VisualStudioVersion = 16.0.29519.181
MinimumVisualStudioVersion = 10.0.40219.1
Project("{FAE04EC0-301F-11D3-BF4B-00C04F79EFBC}") = "Example.MineSweeper", "Example.MineSweeper\Example.MineSweeper.csproj", "{40313265-93E1-4934-9282-D3DFD4436A9B}"
EndProject
Global
	GlobalSection(SolutionConfigurationPlatforms) = preSolution
		Debug|Any CPU = Debug|Any CPU
		Release|Any CPU = Release|Any CPU
	EndGlobalSection
	GlobalSection(ProjectConfigurationPlatforms) = postSolution
		{40313265-93E1-4934-9282-D3DFD4436A9B}.Debug|Any CPU.ActiveCfg = Debug|Any CPU
		{40313265-93E1-4934-9282-D3DFD4436A9B}.Debug|Any CPU.Build.0 = Debug|Any CPU
		{40313265-93E1-4934-9282-D3DFD4436A9B}.Release|Any CPU.ActiveCfg = Release|Any CPU
		{40313265-93E1-4934-9282-D3DFD4436A9B}.Release|Any CPU.Build.0 = Release|Any CPU
	EndGlobalSection
	GlobalSection(SolutionProperties) = preSolution
		HideSolutionNode = FALSE
	EndGlobalSection
	GlobalSection(ExtensibilityGlobals) = postSolution
		SolutionGuid = {95817FD9-AEFB-4B81-9650-062CC22B33C8}
	EndGlobalSection
EndGlobal
